
Microsoft Visual Studio Solution File, Format Version 12.00
# Visual Studio Version 16
VisualStudioVersion = 16.0.29920.165
MinimumVisualStudioVersion = 10.0.40219.1
Project("{9A19103F-16F7-4668-BE54-9A1E7A4F7556}") = "NationalParkAPI", "NationalParkAPI\NationalParkAPI.csproj", "{CD5276DB-5B8A-4EB2-ADBC-30BA7FF786E9}"
EndProject
Project("{FAE04EC0-301F-11D3-BF4B-00C04F79EFBC}") = "NationalParkWeb", "..\NationalParkWeb\NationalParkWeb.csproj", "{B918AC89-92B8-40FE-B436-B66F7F927249}"
EndProject
Global
	GlobalSection(SolutionConfigurationPlatforms) = preSolution
		Debug|Any CPU = Debug|Any CPU
		Release|Any CPU = Release|Any CPU
	EndGlobalSection
	GlobalSection(ProjectConfigurationPlatforms) = postSolution
		{CD5276DB-5B8A-4EB2-ADBC-30BA7FF786E9}.Debug|Any CPU.ActiveCfg = Debug|Any CPU
		{CD5276DB-5B8A-4EB2-ADBC-30BA7FF786E9}.Debug|Any CPU.Build.0 = Debug|Any CPU
		{CD5276DB-5B8A-4EB2-ADBC-30BA7FF786E9}.Release|Any CPU.ActiveCfg = Release|Any CPU
		{CD5276DB-5B8A-4EB2-ADBC-30BA7FF786E9}.Release|Any CPU.Build.0 = Release|Any CPU
		{B918AC89-92B8-40FE-B436-B66F7F927249}.Debug|Any CPU.ActiveCfg = Debug|Any CPU
		{B918AC89-92B8-40FE-B436-B66F7F927249}.Debug|Any CPU.Build.0 = Debug|Any CPU
		{B918AC89-92B8-40FE-B436-B66F7F927249}.Release|Any CPU.ActiveCfg = Release|Any CPU
		{B918AC89-92B8-40FE-B436-B66F7F927249}.Release|Any CPU.Build.0 = Release|Any CPU
	EndGlobalSection
	GlobalSection(SolutionProperties) = preSolution
		HideSolutionNode = FALSE
	EndGlobalSection
	GlobalSection(ExtensibilityGlobals) = postSolution
		SolutionGuid = {658F023C-6693-41E6-BA4B-EC216C7BAD07}
	EndGlobalSection
EndGlobal
